
Microsoft Visual Studio Solution File, Format Version 12.00
# Visual Studio 15
VisualStudioVersion = 15.0.26730.12
MinimumVisualStudioVersion = 10.0.40219.1
Project("{FAE04EC0-301F-11D3-BF4B-00C04F79EFBC}") = "SteamProfileManager", "SteamProfileManager\SteamProfileManager.csproj", "{1B321AB0-4A32-4ADF-AAF9-4B8B8E61700A}"
EndProject
Project("{FAE04EC0-301F-11D3-BF4B-00C04F79EFBC}") = "SteamProfileManager.Models", "SteamProfileManager.Models\SteamProfileManager.Models.csproj", "{DCB7963B-8AE8-4401-A6C1-15AE361F7582}"
EndProject
Project("{FAE04EC0-301F-11D3-BF4B-00C04F79EFBC}") = "SteamProfileManager.DataAccess", "SteamProfileManager.DataAccess\SteamProfileManager.DataAccess.csproj", "{729F52D3-2253-4C4A-A32E-8C05E1629453}"
EndProject
Project("{FAE04EC0-301F-11D3-BF4B-00C04F79EFBC}") = "SteamProfileManager.BusinessLogic", "SteamProfileManager.BusinessLogic\SteamProfileManager.BusinessLogic.csproj", "{750CBC9D-667B-48EC-B813-9D96BDC51326}"
EndProject
Project("{FAE04EC0-301F-11D3-BF4B-00C04F79EFBC}") = "SteamProfileManager.Web", "SteamProfileManager.Web\SteamProfileManager.Web.csproj", "{6200B082-687B-4866-AEEF-7487533873A6}"
EndProject
Global
	GlobalSection(SolutionConfigurationPlatforms) = preSolution
		Debug|Any CPU = Debug|Any CPU
		Release|Any CPU = Release|Any CPU
	EndGlobalSection
	GlobalSection(ProjectConfigurationPlatforms) = postSolution
		{1B321AB0-4A32-4ADF-AAF9-4B8B8E61700A}.Debug|Any CPU.ActiveCfg = Debug|Any CPU
		{1B321AB0-4A32-4ADF-AAF9-4B8B8E61700A}.Debug|Any CPU.Build.0 = Debug|Any CPU
		{1B321AB0-4A32-4ADF-AAF9-4B8B8E61700A}.Release|Any CPU.ActiveCfg = Release|Any CPU
		{1B321AB0-4A32-4ADF-AAF9-4B8B8E61700A}.Release|Any CPU.Build.0 = Release|Any CPU
		{DCB7963B-8AE8-4401-A6C1-15AE361F7582}.Debug|Any CPU.ActiveCfg = Debug|Any CPU
		{DCB7963B-8AE8-4401-A6C1-15AE361F7582}.Debug|Any CPU.Build.0 = Debug|Any CPU
		{DCB7963B-8AE8-4401-A6C1-15AE361F7582}.Release|Any CPU.ActiveCfg = Release|Any CPU
		{DCB7963B-8AE8-4401-A6C1-15AE361F7582}.Release|Any CPU.Build.0 = Release|Any CPU
		{729F52D3-2253-4C4A-A32E-8C05E1629453}.Debug|Any CPU.ActiveCfg = Debug|Any CPU
		{729F52D3-2253-4C4A-A32E-8C05E1629453}.Debug|Any CPU.Build.0 = Debug|Any CPU
		{729F52D3-2253-4C4A-A32E-8C05E1629453}.Release|Any CPU.ActiveCfg = Release|Any CPU
		{729F52D3-2253-4C4A-A32E-8C05E1629453}.Release|Any CPU.Build.0 = Release|Any CPU
		{750CBC9D-667B-48EC-B813-9D96BDC51326}.Debug|Any CPU.ActiveCfg = Debug|Any CPU
		{750CBC9D-667B-48EC-B813-9D96BDC51326}.Debug|Any CPU.Build.0 = Debug|Any CPU
		{750CBC9D-667B-48EC-B813-9D96BDC51326}.Release|Any CPU.ActiveCfg = Release|Any CPU
		{750CBC9D-667B-48EC-B813-9D96BDC51326}.Release|Any CPU.Build.0 = Release|Any CPU
		{6200B082-687B-4866-AEEF-7487533873A6}.Debug|Any CPU.ActiveCfg = Debug|Any CPU
		{6200B082-687B-4866-AEEF-7487533873A6}.Debug|Any CPU.Build.0 = Debug|Any CPU
		{6200B082-687B-4866-AEEF-7487533873A6}.Release|Any CPU.ActiveCfg = Release|Any CPU
		{6200B082-687B-4866-AEEF-7487533873A6}.Release|Any CPU.Build.0 = Release|Any CPU
	EndGlobalSection
	GlobalSection(SolutionProperties) = preSolution
		HideSolutionNode = FALSE
	EndGlobalSection
	GlobalSection(ExtensibilityGlobals) = postSolution
		SolutionGuid = {6E10B500-C2D2-47A3-95E1-2C9FAB4A09FC}
	EndGlobalSection
EndGlobal
