
Microsoft Visual Studio Solution File, Format Version 12.00
# Visual Studio 15
VisualStudioVersion = 15.0.26730.12
MinimumVisualStudioVersion = 10.0.40219.1
Project("{FAE04EC0-301F-11D3-BF4B-00C04F79EFBC}") = "SteamProfileManager", "SteamProfileManager\SteamProfileManager.csproj", "{1B321AB0-4A32-4ADF-AAF9-4B8B8E61700A}"
EndProject
Global
	GlobalSection(SolutionConfigurationPlatforms) = preSolution
		Debug|Any CPU = Debug|Any CPU
		Release|Any CPU = Release|Any CPU
	EndGlobalSection
	GlobalSection(ProjectConfigurationPlatforms) = postSolution
		{1B321AB0-4A32-4ADF-AAF9-4B8B8E61700A}.Debug|Any CPU.ActiveCfg = Debug|Any CPU
		{1B321AB0-4A32-4ADF-AAF9-4B8B8E61700A}.Debug|Any CPU.Build.0 = Debug|Any CPU
		{1B321AB0-4A32-4ADF-AAF9-4B8B8E61700A}.Release|Any CPU.ActiveCfg = Release|Any CPU
		{1B321AB0-4A32-4ADF-AAF9-4B8B8E61700A}.Release|Any CPU.Build.0 = Release|Any CPU
	EndGlobalSection
	GlobalSection(SolutionProperties) = preSolution
		HideSolutionNode = FALSE
	EndGlobalSection
	GlobalSection(ExtensibilityGlobals) = postSolution
		SolutionGuid = {6E10B500-C2D2-47A3-95E1-2C9FAB4A09FC}
	EndGlobalSection
EndGlobal
